
Microsoft Visual Studio Solution File, Format Version 12.00
# Visual Studio Version 16
VisualStudioVersion = 16.0.31624.102
MinimumVisualStudioVersion = 10.0.40219.1
Project("{FAE04EC0-301F-11D3-BF4B-00C04F79EFBC}") = "Databas 1", "Databas 1\Databas 1.csproj", "{70DD34B4-1AAA-49D5-A2CA-8BABDB70B002}"
EndProject
Global
	GlobalSection(SolutionConfigurationPlatforms) = preSolution
		Debug|Any CPU = Debug|Any CPU
		Release|Any CPU = Release|Any CPU
	EndGlobalSection
	GlobalSection(ProjectConfigurationPlatforms) = postSolution
		{70DD34B4-1AAA-49D5-A2CA-8BABDB70B002}.Debug|Any CPU.ActiveCfg = Debug|Any CPU
		{70DD34B4-1AAA-49D5-A2CA-8BABDB70B002}.Debug|Any CPU.Build.0 = Debug|Any CPU
		{70DD34B4-1AAA-49D5-A2CA-8BABDB70B002}.Release|Any CPU.ActiveCfg = Release|Any CPU
		{70DD34B4-1AAA-49D5-A2CA-8BABDB70B002}.Release|Any CPU.Build.0 = Release|Any CPU
	EndGlobalSection
	GlobalSection(SolutionProperties) = preSolution
		HideSolutionNode = FALSE
	EndGlobalSection
	GlobalSection(ExtensibilityGlobals) = postSolution
		SolutionGuid = {1CDF6A97-8122-4DAB-8B34-00C5EE122AA7}
	EndGlobalSection
EndGlobal
